
Microsoft Visual Studio Solution File, Format Version 12.00
# Visual Studio Version 16
VisualStudioVersion = 16.0.32228.343
MinimumVisualStudioVersion = 10.0.40219.1
Project("{9A19103F-16F7-4668-BE54-9A1E7A4F7556}") = "Zacarovany_les", "Zacarovany_les\Zacarovany_les.csproj", "{D575AA44-66CD-4068-A538-8AEC8FE62125}"
EndProject
Global
	GlobalSection(SolutionConfigurationPlatforms) = preSolution
		Debug|Any CPU = Debug|Any CPU
		Release|Any CPU = Release|Any CPU
	EndGlobalSection
	GlobalSection(ProjectConfigurationPlatforms) = postSolution
		{D575AA44-66CD-4068-A538-8AEC8FE62125}.Debug|Any CPU.ActiveCfg = Debug|Any CPU
		{D575AA44-66CD-4068-A538-8AEC8FE62125}.Debug|Any CPU.Build.0 = Debug|Any CPU
		{D575AA44-66CD-4068-A538-8AEC8FE62125}.Release|Any CPU.ActiveCfg = Release|Any CPU
		{D575AA44-66CD-4068-A538-8AEC8FE62125}.Release|Any CPU.Build.0 = Release|Any CPU
	EndGlobalSection
	GlobalSection(SolutionProperties) = preSolution
		HideSolutionNode = FALSE
	EndGlobalSection
	GlobalSection(ExtensibilityGlobals) = postSolution
		SolutionGuid = {32E99A78-7D14-48A7-B09A-E8E6354CE965}
	EndGlobalSection
EndGlobal
